// !$*UTF8*$!
{
	archiveVersion = 1;
	classes = {
	};
	objectVersion = 56;
	objects = {

/* Begin PBXBuildFile section */
		87165EC729E6FCEA00E48DA2 /* UsageView.swift in Sources */ = {isa = PBXBuildFile; fileRef = 87165EC629E6FCEA00E48DA2 /* UsageView.swift */; };
		87165EC929E6FCF200E48DA2 /* UsageViewModel.swift in Sources */ = {isa = PBXBuildFile; fileRef = 87165EC829E6FCF200E48DA2 /* UsageViewModel.swift */; };
		87165ECD29E804F400E48DA2 /* MetalView.swift in Sources */ = {isa = PBXBuildFile; fileRef = 87165ECC29E804F400E48DA2 /* MetalView.swift */; };
		873C402528E84A2500962482 /* VinylView.docc in Sources */ = {isa = PBXBuildFile; fileRef = 873C402428E84A2500962482 /* VinylView.docc */; };
		873C402B28E84A2500962482 /* VinylView.framework in Frameworks */ = {isa = PBXBuildFile; fileRef = 873C402028E84A2500962482 /* VinylView.framework */; };
		873C403028E84A2500962482 /* VinylViewTests.swift in Sources */ = {isa = PBXBuildFile; fileRef = 873C402F28E84A2500962482 /* VinylViewTests.swift */; };
		873C403128E84A2500962482 /* VinylView.h in Headers */ = {isa = PBXBuildFile; fileRef = 873C402328E84A2500962482 /* VinylView.h */; settings = {ATTRIBUTES = (Public, ); }; };
		873C403B28E84A9D00962482 /* VinylView.swift in Sources */ = {isa = PBXBuildFile; fileRef = 873C403A28E84A9D00962482 /* VinylView.swift */; };
		873C403D28E86DA300962482 /* MTLFilter.swift in Sources */ = {isa = PBXBuildFile; fileRef = 873C403C28E86DA300962482 /* MTLFilter.swift */; };
		873C403F28E8700400962482 /* vinyl.metal in Sources */ = {isa = PBXBuildFile; fileRef = 873C403E28E8700400962482 /* vinyl.metal */; };
		875386192A2D225600C64FE6 /* MetalKit.framework in Frameworks */ = {isa = PBXBuildFile; fileRef = 875386182A2D225600C64FE6 /* MetalKit.framework */; };
		877087C128F40C120062FBD9 /* RoundedRect.swift in Sources */ = {isa = PBXBuildFile; fileRef = 877087C028F40C120062FBD9 /* RoundedRect.swift */; };
		877B3EF929F5372D00635A41 /* CPUUsageTracker.m in Sources */ = {isa = PBXBuildFile; fileRef = 877B3EF829F5372D00635A41 /* CPUUsageTracker.m */; };
		877B3EFC29F5383A00635A41 /* MemoryUsageTracker.m in Sources */ = {isa = PBXBuildFile; fileRef = 877B3EFB29F5383A00635A41 /* MemoryUsageTracker.m */; };
		877B3EFF29F8066D00635A41 /* VinylLabelView.swift in Sources */ = {isa = PBXBuildFile; fileRef = 877B3EFE29F8066D00635A41 /* VinylLabelView.swift */; };
		87CF9FD029E9000000DCD642 /* RotatingCAView.swift in Sources */ = {isa = PBXBuildFile; fileRef = 87CF9FCF29E9000000DCD642 /* RotatingCAView.swift */; };
		87CF9F6B29E3F51600DCD642 /* RotatingViewModifier.swift in Sources */ = {isa = PBXBuildFile; fileRef = 87CF9F6A29E3F51600DCD642 /* RotatingViewModifier.swift */; };
		87CF9F6D29E53F9D00DCD642 /* AnimatedImage.swift in Sources */ = {isa = PBXBuildFile; fileRef = 87CF9F6C29E53F9D00DCD642 /* AnimatedImage.swift */; };
		87CF9F6F29E5487D00DCD642 /* NSUIClasses.swift in Sources */ = {isa = PBXBuildFile; fileRef = 87CF9F6E29E5487D00DCD642 /* NSUIClasses.swift */; };
		87CF9F7129E67DA700DCD642 /* ImageTextureArray.swift in Sources */ = {isa = PBXBuildFile; fileRef = 87CF9F7029E67DA700DCD642 /* ImageTextureArray.swift */; };
		87CF9F7529E67F0000DCD642 /* AnimatedImageView.swift in Sources */ = {isa = PBXBuildFile; fileRef = 87CF9F7429E67F0000DCD642 /* AnimatedImageView.swift */; };
		87CF9F7729E67F6C00DCD642 /* AnimatedMetalImage.swift in Sources */ = {isa = PBXBuildFile; fileRef = 87CF9F7629E67F6C00DCD642 /* AnimatedMetalImage.swift */; };
		87CF9FAE29E68BB300DCD642 /* VinylViewDemoApp.swift in Sources */ = {isa = PBXBuildFile; fileRef = 87CF9FAD29E68BB300DCD642 /* VinylViewDemoApp.swift */; };
		87CF9FB029E68BB300DCD642 /* ContentView.swift in Sources */ = {isa = PBXBuildFile; fileRef = 87CF9FAF29E68BB300DCD642 /* ContentView.swift */; };
		87CF9FB229E68BB400DCD642 /* Assets.xcassets in Resources */ = {isa = PBXBuildFile; fileRef = 87CF9FB129E68BB400DCD642 /* Assets.xcassets */; };
		87CF9FB629E68BB400DCD642 /* Preview Assets.xcassets in Resources */ = {isa = PBXBuildFile; fileRef = 87CF9FB529E68BB400DCD642 /* Preview Assets.xcassets */; };
		87CF9FBB29E68D1600DCD642 /* VinylView.framework in Frameworks */ = {isa = PBXBuildFile; fileRef = 873C402028E84A2500962482 /* VinylView.framework */; };
		87CF9FC029E6B62100DCD642 /* shader.metal in Sources */ = {isa = PBXBuildFile; fileRef = 87CF9F7229E67EB000DCD642 /* shader.metal */; };
		87E8B04028F5915300F4C0B6 /* RoundedRectanlgeTickMarkDemo.swift in Sources */ = {isa = PBXBuildFile; fileRef = 87E8B03F28F5915300F4C0B6 /* RoundedRectanlgeTickMarkDemo.swift */; };
		87F17EF528E986A300396B5B /* VinylGenerator.swift in Sources */ = {isa = PBXBuildFile; fileRef = 87F17EF428E986A300396B5B /* VinylGenerator.swift */; };
		87F17EF728E9D1FD00396B5B /* Image+MTLTexture.swift in Sources */ = {isa = PBXBuildFile; fileRef = 87F17EF628E9D1FD00396B5B /* Image+MTLTexture.swift */; };
		87F17EF928E9E34900396B5B /* Image+Color.swift in Sources */ = {isa = PBXBuildFile; fileRef = 87F17EF828E9E34900396B5B /* Image+Color.swift */; };
/* End PBXBuildFile section */

/* Begin PBXContainerItemProxy section */
		873C402C28E84A2500962482 /* PBXContainerItemProxy */ = {
			isa = PBXContainerItemProxy;
			containerPortal = 873C401728E84A2500962482 /* Project object */;
			proxyType = 1;
			remoteGlobalIDString = 873C401F28E84A2500962482;
			remoteInfo = VinylView;
		};
/* End PBXContainerItemProxy section */

/* Begin PBXFileReference section */
		87165EC629E6FCEA00E48DA2 /* UsageView.swift */ = {isa = PBXFileReference; lastKnownFileType = sourcecode.swift; path = UsageView.swift; sourceTree = "<group>"; };
		87165EC829E6FCF200E48DA2 /* UsageViewModel.swift */ = {isa = PBXFileReference; lastKnownFileType = sourcecode.swift; path = UsageViewModel.swift; sourceTree = "<group>"; };
		87165ECC29E804F400E48DA2 /* MetalView.swift */ = {isa = PBXFileReference; lastKnownFileType = sourcecode.swift; path = MetalView.swift; sourceTree = "<group>"; };
		873C402028E84A2500962482 /* VinylView.framework */ = {isa = PBXFileReference; explicitFileType = wrapper.framework; includeInIndex = 0; path = VinylView.framework; sourceTree = BUILT_PRODUCTS_DIR; };
		873C402328E84A2500962482 /* VinylView.h */ = {isa = PBXFileReference; lastKnownFileType = sourcecode.c.h; path = VinylView.h; sourceTree = "<group>"; };
		873C402428E84A2500962482 /* VinylView.docc */ = {isa = PBXFileReference; lastKnownFileType = folder.documentationcatalog; path = VinylView.docc; sourceTree = "<group>"; };
		873C402A28E84A2500962482 /* VinylViewTests.xctest */ = {isa = PBXFileReference; explicitFileType = wrapper.cfbundle; includeInIndex = 0; path = VinylViewTests.xctest; sourceTree = BUILT_PRODUCTS_DIR; };
		873C402F28E84A2500962482 /* VinylViewTests.swift */ = {isa = PBXFileReference; lastKnownFileType = sourcecode.swift; path = VinylViewTests.swift; sourceTree = "<group>"; };
		873C403A28E84A9D00962482 /* VinylView.swift */ = {isa = PBXFileReference; lastKnownFileType = sourcecode.swift; path = VinylView.swift; sourceTree = "<group>"; };
		873C403C28E86DA300962482 /* MTLFilter.swift */ = {isa = PBXFileReference; lastKnownFileType = sourcecode.swift; path = MTLFilter.swift; sourceTree = "<group>"; };
		873C403E28E8700400962482 /* vinyl.metal */ = {isa = PBXFileReference; lastKnownFileType = sourcecode.metal; path = vinyl.metal; sourceTree = "<group>"; };
		875386182A2D225600C64FE6 /* MetalKit.framework */ = {isa = PBXFileReference; lastKnownFileType = wrapper.framework; name = MetalKit.framework; path = Platforms/iPhoneOS.platform/Developer/SDKs/iPhoneOS16.4.sdk/System/Library/Frameworks/MetalKit.framework; sourceTree = DEVELOPER_DIR; };
		877087C028F40C120062FBD9 /* RoundedRect.swift */ = {isa = PBXFileReference; lastKnownFileType = sourcecode.swift; path = RoundedRect.swift; sourceTree = "<group>"; };
		877B3EF629F5372D00635A41 /* VinylViewDemo-Bridging-Header.h */ = {isa = PBXFileReference; lastKnownFileType = sourcecode.c.h; path = "VinylViewDemo-Bridging-Header.h"; sourceTree = "<group>"; };
		877B3EF729F5372D00635A41 /* CPUUsageTracker.h */ = {isa = PBXFileReference; lastKnownFileType = sourcecode.c.h; path = CPUUsageTracker.h; sourceTree = "<group>"; };
		877B3EF829F5372D00635A41 /* CPUUsageTracker.m */ = {isa = PBXFileReference; lastKnownFileType = sourcecode.c.objc; path = CPUUsageTracker.m; sourceTree = "<group>"; };
		877B3EFA29F5383A00635A41 /* MemoryUsageTracker.h */ = {isa = PBXFileReference; lastKnownFileType = sourcecode.c.h; path = MemoryUsageTracker.h; sourceTree = "<group>"; };
		877B3EFB29F5383A00635A41 /* MemoryUsageTracker.m */ = {isa = PBXFileReference; lastKnownFileType = sourcecode.c.objc; path = MemoryUsageTracker.m; sourceTree = "<group>"; };
		877B3EFE29F8066D00635A41 /* VinylLabelView.swift */ = {isa = PBXFileReference; lastKnownFileType = sourcecode.swift; path = VinylLabelView.swift; sourceTree = "<group>"; };
		87CF9FCF29E9000000DCD642 /* RotatingCAView.swift */ = {isa = PBXFileReference; lastKnownFileType = sourcecode.swift; path = RotatingCAView.swift; sourceTree = "<group>"; };
		87CF9F6A29E3F51600DCD642 /* RotatingViewModifier.swift */ = {isa = PBXFileReference; lastKnownFileType = sourcecode.swift; path = RotatingViewModifier.swift; sourceTree = "<group>"; };
		87CF9F6C29E53F9D00DCD642 /* AnimatedImage.swift */ = {isa = PBXFileReference; lastKnownFileType = sourcecode.swift; path = AnimatedImage.swift; sourceTree = "<group>"; };
		87CF9F6E29E5487D00DCD642 /* NSUIClasses.swift */ = {isa = PBXFileReference; lastKnownFileType = sourcecode.swift; path = NSUIClasses.swift; sourceTree = "<group>"; };
		87CF9F7029E67DA700DCD642 /* ImageTextureArray.swift */ = {isa = PBXFileReference; lastKnownFileType = sourcecode.swift; path = ImageTextureArray.swift; sourceTree = "<group>"; };
		87CF9F7229E67EB000DCD642 /* shader.metal */ = {isa = PBXFileReference; lastKnownFileType = sourcecode.metal; path = shader.metal; sourceTree = "<group>"; };
		87CF9F7429E67F0000DCD642 /* AnimatedImageView.swift */ = {isa = PBXFileReference; lastKnownFileType = sourcecode.swift; path = AnimatedImageView.swift; sourceTree = "<group>"; };
		87CF9F7629E67F6C00DCD642 /* AnimatedMetalImage.swift */ = {isa = PBXFileReference; lastKnownFileType = sourcecode.swift; path = AnimatedMetalImage.swift; sourceTree = "<group>"; };
		87CF9FAB29E68BB300DCD642 /* VinylViewDemo.app */ = {isa = PBXFileReference; explicitFileType = wrapper.application; includeInIndex = 0; path = VinylViewDemo.app; sourceTree = BUILT_PRODUCTS_DIR; };
		87CF9FAD29E68BB300DCD642 /* VinylViewDemoApp.swift */ = {isa = PBXFileReference; lastKnownFileType = sourcecode.swift; path = VinylViewDemoApp.swift; sourceTree = "<group>"; };
		87CF9FAF29E68BB300DCD642 /* ContentView.swift */ = {isa = PBXFileReference; lastKnownFileType = sourcecode.swift; path = ContentView.swift; sourceTree = "<group>"; };
		87CF9FB129E68BB400DCD642 /* Assets.xcassets */ = {isa = PBXFileReference; lastKnownFileType = folder.assetcatalog; path = Assets.xcassets; sourceTree = "<group>"; };
		87CF9FB329E68BB400DCD642 /* VinylViewDemo.entitlements */ = {isa = PBXFileReference; lastKnownFileType = text.plist.entitlements; path = VinylViewDemo.entitlements; sourceTree = "<group>"; };
		87CF9FB529E68BB400DCD642 /* Preview Assets.xcassets */ = {isa = PBXFileReference; lastKnownFileType = folder.assetcatalog; path = "Preview Assets.xcassets"; sourceTree = "<group>"; };
		87E8B03F28F5915300F4C0B6 /* RoundedRectanlgeTickMarkDemo.swift */ = {isa = PBXFileReference; lastKnownFileType = sourcecode.swift; path = RoundedRectanlgeTickMarkDemo.swift; sourceTree = "<group>"; };
		87F17EF428E986A300396B5B /* VinylGenerator.swift */ = {isa = PBXFileReference; lastKnownFileType = sourcecode.swift; path = VinylGenerator.swift; sourceTree = "<group>"; };
		87F17EF628E9D1FD00396B5B /* Image+MTLTexture.swift */ = {isa = PBXFileReference; lastKnownFileType = sourcecode.swift; path = "Image+MTLTexture.swift"; sourceTree = "<group>"; };
		87F17EF828E9E34900396B5B /* Image+Color.swift */ = {isa = PBXFileReference; lastKnownFileType = sourcecode.swift; path = "Image+Color.swift"; sourceTree = "<group>"; };
/* End PBXFileReference section */

/* Begin PBXFrameworksBuildPhase section */
		873C401D28E84A2500962482 /* Frameworks */ = {
			isa = PBXFrameworksBuildPhase;
			buildActionMask = 2147483647;
			files = (
				875386192A2D225600C64FE6 /* MetalKit.framework in Frameworks */,
			);
			runOnlyForDeploymentPostprocessing = 0;
		};
		873C402728E84A2500962482 /* Frameworks */ = {
			isa = PBXFrameworksBuildPhase;
			buildActionMask = 2147483647;
			files = (
				873C402B28E84A2500962482 /* VinylView.framework in Frameworks */,
			);
			runOnlyForDeploymentPostprocessing = 0;
		};
		87CF9FA829E68BB300DCD642 /* Frameworks */ = {
			isa = PBXFrameworksBuildPhase;
			buildActionMask = 2147483647;
			files = (
				87CF9FBB29E68D1600DCD642 /* VinylView.framework in Frameworks */,
			);
			runOnlyForDeploymentPostprocessing = 0;
		};
/* End PBXFrameworksBuildPhase section */

/* Begin PBXGroup section */
		873C401628E84A2500962482 = {
			isa = PBXGroup;
			children = (
				873C402228E84A2500962482 /* VinylView */,
				873C402E28E84A2500962482 /* VinylViewTests */,
				87CF9FAC29E68BB300DCD642 /* VinylViewDemo */,
				873C402128E84A2500962482 /* Products */,
				87CF9FBA29E68D1600DCD642 /* Frameworks */,
			);
			sourceTree = "<group>";
		};
		873C402128E84A2500962482 /* Products */ = {
			isa = PBXGroup;
			children = (
				873C402028E84A2500962482 /* VinylView.framework */,
				873C402A28E84A2500962482 /* VinylViewTests.xctest */,
				87CF9FAB29E68BB300DCD642 /* VinylViewDemo.app */,
			);
			name = Products;
			sourceTree = "<group>";
		};
		873C402228E84A2500962482 /* VinylView */ = {
			isa = PBXGroup;
			children = (
				873C402328E84A2500962482 /* VinylView.h */,
				873C402428E84A2500962482 /* VinylView.docc */,
				873C403A28E84A9D00962482 /* VinylView.swift */,
				877B3EFE29F8066D00635A41 /* VinylLabelView.swift */,
				87F17EF428E986A300396B5B /* VinylGenerator.swift */,
				87CF9F7029E67DA700DCD642 /* ImageTextureArray.swift */,
				87CF9F6C29E53F9D00DCD642 /* AnimatedImage.swift */,
				87CF9F7629E67F6C00DCD642 /* AnimatedMetalImage.swift */,
				87CF9F7429E67F0000DCD642 /* AnimatedImageView.swift */,
				87165ECC29E804F400E48DA2 /* MetalView.swift */,
				87CF9F6A29E3F51600DCD642 /* RotatingViewModifier.swift */,
				87CF9FCF29E9000000DCD642 /* RotatingCAView.swift */,
				877087C028F40C120062FBD9 /* RoundedRect.swift */,
				87E8B03F28F5915300F4C0B6 /* RoundedRectanlgeTickMarkDemo.swift */,
				87CF9F6E29E5487D00DCD642 /* NSUIClasses.swift */,
				87F17EF628E9D1FD00396B5B /* Image+MTLTexture.swift */,
				87F17EF828E9E34900396B5B /* Image+Color.swift */,
				873C403C28E86DA300962482 /* MTLFilter.swift */,
				877B3EF529F443A400635A41 /* Shaders */,
			);
			path = VinylView;
			sourceTree = "<group>";
		};
		873C402E28E84A2500962482 /* VinylViewTests */ = {
			isa = PBXGroup;
			children = (
				873C402F28E84A2500962482 /* VinylViewTests.swift */,
			);
			path = VinylViewTests;
			sourceTree = "<group>";
		};
		877B3EF529F443A400635A41 /* Shaders */ = {
			isa = PBXGroup;
			children = (
				87CF9F7229E67EB000DCD642 /* shader.metal */,
				873C403E28E8700400962482 /* vinyl.metal */,
			);
			path = Shaders;
			sourceTree = "<group>";
		};
		877B3EFD29F5385400635A41 /* Performance Tracking */ = {
			isa = PBXGroup;
			children = (
				877B3EF729F5372D00635A41 /* CPUUsageTracker.h */,
				877B3EF829F5372D00635A41 /* CPUUsageTracker.m */,
				877B3EFA29F5383A00635A41 /* MemoryUsageTracker.h */,
				877B3EFB29F5383A00635A41 /* MemoryUsageTracker.m */,
			);
			path = "Performance Tracking";
			sourceTree = "<group>";
		};
		87CF9FAC29E68BB300DCD642 /* VinylViewDemo */ = {
			isa = PBXGroup;
			children = (
				87CF9FAF29E68BB300DCD642 /* ContentView.swift */,
				87165EC629E6FCEA00E48DA2 /* UsageView.swift */,
				87165EC829E6FCF200E48DA2 /* UsageViewModel.swift */,
				87CF9FAD29E68BB300DCD642 /* VinylViewDemoApp.swift */,
				877B3EFD29F5385400635A41 /* Performance Tracking */,
				87CF9FB129E68BB400DCD642 /* Assets.xcassets */,
				87CF9FB329E68BB400DCD642 /* VinylViewDemo.entitlements */,
				87CF9FB429E68BB400DCD642 /* Preview Content */,
				877B3EF629F5372D00635A41 /* VinylViewDemo-Bridging-Header.h */,
			);
			path = VinylViewDemo;
			sourceTree = "<group>";
		};
		87CF9FB429E68BB400DCD642 /* Preview Content */ = {
			isa = PBXGroup;
			children = (
				87CF9FB529E68BB400DCD642 /* Preview Assets.xcassets */,
			);
			path = "Preview Content";
			sourceTree = "<group>";
		};
		87CF9FBA29E68D1600DCD642 /* Frameworks */ = {
			isa = PBXGroup;
			children = (
				875386182A2D225600C64FE6 /* MetalKit.framework */,
			);
			name = Frameworks;
			sourceTree = "<group>";
		};
/* End PBXGroup section */

/* Begin PBXHeadersBuildPhase section */
		873C401B28E84A2500962482 /* Headers */ = {
			isa = PBXHeadersBuildPhase;
			buildActionMask = 2147483647;
			files = (
				873C403128E84A2500962482 /* VinylView.h in Headers */,
			);
			runOnlyForDeploymentPostprocessing = 0;
		};
/* End PBXHeadersBuildPhase section */

/* Begin PBXNativeTarget section */
		873C401F28E84A2500962482 /* VinylView */ = {
			isa = PBXNativeTarget;
			buildConfigurationList = 873C403428E84A2500962482 /* Build configuration list for PBXNativeTarget "VinylView" */;
			buildPhases = (
				873C401B28E84A2500962482 /* Headers */,
				873C401C28E84A2500962482 /* Sources */,
				873C401D28E84A2500962482 /* Frameworks */,
				873C401E28E84A2500962482 /* Resources */,
			);
			buildRules = (
			);
			dependencies = (
			);
			name = VinylView;
			productName = VinylView;
			productReference = 873C402028E84A2500962482 /* VinylView.framework */;
			productType = "com.apple.product-type.framework";
		};
		873C402928E84A2500962482 /* VinylViewTests */ = {
			isa = PBXNativeTarget;
			buildConfigurationList = 873C403728E84A2500962482 /* Build configuration list for PBXNativeTarget "VinylViewTests" */;
			buildPhases = (
				873C402628E84A2500962482 /* Sources */,
				873C402728E84A2500962482 /* Frameworks */,
				873C402828E84A2500962482 /* Resources */,
			);
			buildRules = (
			);
			dependencies = (
				873C402D28E84A2500962482 /* PBXTargetDependency */,
			);
			name = VinylViewTests;
			productName = VinylViewTests;
			productReference = 873C402A28E84A2500962482 /* VinylViewTests.xctest */;
			productType = "com.apple.product-type.bundle.unit-test";
		};
		87CF9FAA29E68BB300DCD642 /* VinylViewDemo */ = {
			isa = PBXNativeTarget;
			buildConfigurationList = 87CF9FB729E68BB400DCD642 /* Build configuration list for PBXNativeTarget "VinylViewDemo" */;
			buildPhases = (
				87CF9FA729E68BB300DCD642 /* Sources */,
				87CF9FA829E68BB300DCD642 /* Frameworks */,
				87CF9FA929E68BB300DCD642 /* Resources */,
			);
			buildRules = (
			);
			dependencies = (
			);
			name = VinylViewDemo;
			productName = VinylViewDemo;
			productReference = 87CF9FAB29E68BB300DCD642 /* VinylViewDemo.app */;
			productType = "com.apple.product-type.application";
		};
/* End PBXNativeTarget section */

/* Begin PBXProject section */
		873C401728E84A2500962482 /* Project object */ = {
			isa = PBXProject;
			attributes = {
				BuildIndependentTargetsInParallel = 1;
				LastSwiftUpdateCheck = 1430;
				LastUpgradeCheck = 1430;
				TargetAttributes = {
					873C401F28E84A2500962482 = {
						CreatedOnToolsVersion = 14.0.1;
					};
					873C402928E84A2500962482 = {
						CreatedOnToolsVersion = 14.0.1;
					};
					87CF9FAA29E68BB300DCD642 = {
						CreatedOnToolsVersion = 14.3;
						LastSwiftMigration = 1430;
					};
				};
			};
			buildConfigurationList = 873C401A28E84A2500962482 /* Build configuration list for PBXProject "VinylView" */;
			compatibilityVersion = "Xcode 14.0";
			developmentRegion = en;
			hasScannedForEncodings = 0;
			knownRegions = (
				en,
				Base,
			);
			mainGroup = 873C401628E84A2500962482;
			productRefGroup = 873C402128E84A2500962482 /* Products */;
			projectDirPath = "";
			projectRoot = "";
			targets = (
				873C401F28E84A2500962482 /* VinylView */,
				873C402928E84A2500962482 /* VinylViewTests */,
				87CF9FAA29E68BB300DCD642 /* VinylViewDemo */,
			);
		};
/* End PBXProject section */

/* Begin PBXResourcesBuildPhase section */
		873C401E28E84A2500962482 /* Resources */ = {
			isa = PBXResourcesBuildPhase;
			buildActionMask = 2147483647;
			files = (
			);
			runOnlyForDeploymentPostprocessing = 0;
		};
		873C402828E84A2500962482 /* Resources */ = {
			isa = PBXResourcesBuildPhase;
			buildActionMask = 2147483647;
			files = (
			);
			runOnlyForDeploymentPostprocessing = 0;
		};
		87CF9FA929E68BB300DCD642 /* Resources */ = {
			isa = PBXResourcesBuildPhase;
			buildActionMask = 2147483647;
			files = (
				87CF9FB629E68BB400DCD642 /* Preview Assets.xcassets in Resources */,
				87CF9FB229E68BB400DCD642 /* Assets.xcassets in Resources */,
			);
			runOnlyForDeploymentPostprocessing = 0;
		};
/* End PBXResourcesBuildPhase section */

/* Begin PBXSourcesBuildPhase section */
		873C401C28E84A2500962482 /* Sources */ = {
			isa = PBXSourcesBuildPhase;
			buildActionMask = 2147483647;
			files = (
				87F17EF528E986A300396B5B /* VinylGenerator.swift in Sources */,
				877087C128F40C120062FBD9 /* RoundedRect.swift in Sources */,
				87CF9F7529E67F0000DCD642 /* AnimatedImageView.swift in Sources */,
				873C402528E84A2500962482 /* VinylView.docc in Sources */,
				87E8B04028F5915300F4C0B6 /* RoundedRectanlgeTickMarkDemo.swift in Sources */,
				873C403B28E84A9D00962482 /* VinylView.swift in Sources */,
				87CF9F6B29E3F51600DCD642 /* RotatingViewModifier.swift in Sources */,
				87CF9FD029E9000000DCD642 /* RotatingCAView.swift in Sources */,
				873C403D28E86DA300962482 /* MTLFilter.swift in Sources */,
				87CF9F7129E67DA700DCD642 /* ImageTextureArray.swift in Sources */,
				87CF9F6D29E53F9D00DCD642 /* AnimatedImage.swift in Sources */,
				87CF9F6F29E5487D00DCD642 /* NSUIClasses.swift in Sources */,
				87CF9F7729E67F6C00DCD642 /* AnimatedMetalImage.swift in Sources */,
				87F17EF928E9E34900396B5B /* Image+Color.swift in Sources */,
				87CF9FC029E6B62100DCD642 /* shader.metal in Sources */,
				877B3EFF29F8066D00635A41 /* VinylLabelView.swift in Sources */,
				873C403F28E8700400962482 /* vinyl.metal in Sources */,
				87165ECD29E804F400E48DA2 /* MetalView.swift in Sources */,
				87F17EF728E9D1FD00396B5B /* Image+MTLTexture.swift in Sources */,
			);
			runOnlyForDeploymentPostprocessing = 0;
		};
		873C402628E84A2500962482 /* Sources */ = {
			isa = PBXSourcesBuildPhase;
			buildActionMask = 2147483647;
			files = (
				873C403028E84A2500962482 /* VinylViewTests.swift in Sources */,
			);
			runOnlyForDeploymentPostprocessing = 0;
		};
		87CF9FA729E68BB300DCD642 /* Sources */ = {
			isa = PBXSourcesBuildPhase;
			buildActionMask = 2147483647;
			files = (
				87165EC929E6FCF200E48DA2 /* UsageViewModel.swift in Sources */,
				877B3EFC29F5383A00635A41 /* MemoryUsageTracker.m in Sources */,
				87CF9FB029E68BB300DCD642 /* ContentView.swift in Sources */,
				87165EC729E6FCEA00E48DA2 /* UsageView.swift in Sources */,
				87CF9FAE29E68BB300DCD642 /* VinylViewDemoApp.swift in Sources */,
				877B3EF929F5372D00635A41 /* CPUUsageTracker.m in Sources */,
			);
			runOnlyForDeploymentPostprocessing = 0;
		};
/* End PBXSourcesBuildPhase section */

/* Begin PBXTargetDependency section */
		873C402D28E84A2500962482 /* PBXTargetDependency */ = {
			isa = PBXTargetDependency;
			target = 873C401F28E84A2500962482 /* VinylView */;
			targetProxy = 873C402C28E84A2500962482 /* PBXContainerItemProxy */;
		};
/* End PBXTargetDependency section */

/* Begin XCBuildConfiguration section */
		873C403228E84A2500962482 /* Debug */ = {
			isa = XCBuildConfiguration;
			buildSettings = {
				ALWAYS_SEARCH_USER_PATHS = NO;
				CLANG_ANALYZER_NONNULL = YES;
				CLANG_ANALYZER_NUMBER_OBJECT_CONVERSION = YES_AGGRESSIVE;
				CLANG_CXX_LANGUAGE_STANDARD = "gnu++20";
				CLANG_ENABLE_MODULES = YES;
				CLANG_ENABLE_OBJC_ARC = YES;
				CLANG_ENABLE_OBJC_WEAK = YES;
				CLANG_WARN_BLOCK_CAPTURE_AUTORELEASING = YES;
				CLANG_WARN_BOOL_CONVERSION = YES;
				CLANG_WARN_COMMA = YES;
				CLANG_WARN_CONSTANT_CONVERSION = YES;
				CLANG_WARN_DEPRECATED_OBJC_IMPLEMENTATIONS = YES;
				CLANG_WARN_DIRECT_OBJC_ISA_USAGE = YES_ERROR;
				CLANG_WARN_DOCUMENTATION_COMMENTS = YES;
				CLANG_WARN_EMPTY_BODY = YES;
				CLANG_WARN_ENUM_CONVERSION = YES;
				CLANG_WARN_INFINITE_RECURSION = YES;
				CLANG_WARN_INT_CONVERSION = YES;
				CLANG_WARN_NON_LITERAL_NULL_CONVERSION = YES;
				CLANG_WARN_OBJC_IMPLICIT_RETAIN_SELF = YES;
				CLANG_WARN_OBJC_LITERAL_CONVERSION = YES;
				CLANG_WARN_OBJC_ROOT_CLASS = YES_ERROR;
				CLANG_WARN_QUOTED_INCLUDE_IN_FRAMEWORK_HEADER = YES;
				CLANG_WARN_RANGE_LOOP_ANALYSIS = YES;
				CLANG_WARN_STRICT_PROTOTYPES = YES;
				CLANG_WARN_SUSPICIOUS_MOVE = YES;
				CLANG_WARN_UNGUARDED_AVAILABILITY = YES_AGGRESSIVE;
				CLANG_WARN_UNREACHABLE_CODE = YES;
				CLANG_WARN__DUPLICATE_METHOD_MATCH = YES;
				COPY_PHASE_STRIP = NO;
				CURRENT_PROJECT_VERSION = 1;
				DEAD_CODE_STRIPPING = YES;
				DEBUG_INFORMATION_FORMAT = dwarf;
				ENABLE_STRICT_OBJC_MSGSEND = YES;
				ENABLE_TESTABILITY = YES;
				GCC_C_LANGUAGE_STANDARD = gnu11;
				GCC_DYNAMIC_NO_PIC = NO;
				GCC_NO_COMMON_BLOCKS = YES;
				GCC_OPTIMIZATION_LEVEL = 0;
				GCC_PREPROCESSOR_DEFINITIONS = (
					"DEBUG=1",
					"$(inherited)",
				);
				GCC_WARN_64_TO_32_BIT_CONVERSION = YES;
				GCC_WARN_ABOUT_RETURN_TYPE = YES_ERROR;
				GCC_WARN_UNDECLARED_SELECTOR = YES;
				GCC_WARN_UNINITIALIZED_AUTOS = YES_AGGRESSIVE;
				GCC_WARN_UNUSED_FUNCTION = YES;
				GCC_WARN_UNUSED_VARIABLE = YES;
				MACOSX_DEPLOYMENT_TARGET = 12.5;
				MTL_ENABLE_DEBUG_INFO = INCLUDE_SOURCE;
				MTL_FAST_MATH = YES;
				ONLY_ACTIVE_ARCH = YES;
				SWIFT_ACTIVE_COMPILATION_CONDITIONS = DEBUG;
				SWIFT_OPTIMIZATION_LEVEL = "-Onone";
				VERSIONING_SYSTEM = "apple-generic";
				VERSION_INFO_PREFIX = "";
			};
			name = Debug;
		};
		873C403328E84A2500962482 /* Release */ = {
			isa = XCBuildConfiguration;
			buildSettings = {
				ALWAYS_SEARCH_USER_PATHS = NO;
				CLANG_ANALYZER_NONNULL = YES;
				CLANG_ANALYZER_NUMBER_OBJECT_CONVERSION = YES_AGGRESSIVE;
				CLANG_CXX_LANGUAGE_STANDARD = "gnu++20";
				CLANG_ENABLE_MODULES = YES;
				CLANG_ENABLE_OBJC_ARC = YES;
				CLANG_ENABLE_OBJC_WEAK = YES;
				CLANG_WARN_BLOCK_CAPTURE_AUTORELEASING = YES;
				CLANG_WARN_BOOL_CONVERSION = YES;
				CLANG_WARN_COMMA = YES;
				CLANG_WARN_CONSTANT_CONVERSION = YES;
				CLANG_WARN_DEPRECATED_OBJC_IMPLEMENTATIONS = YES;
				CLANG_WARN_DIRECT_OBJC_ISA_USAGE = YES_ERROR;
				CLANG_WARN_DOCUMENTATION_COMMENTS = YES;
				CLANG_WARN_EMPTY_BODY = YES;
				CLANG_WARN_ENUM_CONVERSION = YES;
				CLANG_WARN_INFINITE_RECURSION = YES;
				CLANG_WARN_INT_CONVERSION = YES;
				CLANG_WARN_NON_LITERAL_NULL_CONVERSION = YES;
				CLANG_WARN_OBJC_IMPLICIT_RETAIN_SELF = YES;
				CLANG_WARN_OBJC_LITERAL_CONVERSION = YES;
				CLANG_WARN_OBJC_ROOT_CLASS = YES_ERROR;
				CLANG_WARN_QUOTED_INCLUDE_IN_FRAMEWORK_HEADER = YES;
				CLANG_WARN_RANGE_LOOP_ANALYSIS = YES;
				CLANG_WARN_STRICT_PROTOTYPES = YES;
				CLANG_WARN_SUSPICIOUS_MOVE = YES;
				CLANG_WARN_UNGUARDED_AVAILABILITY = YES_AGGRESSIVE;
				CLANG_WARN_UNREACHABLE_CODE = YES;
				CLANG_WARN__DUPLICATE_METHOD_MATCH = YES;
				COPY_PHASE_STRIP = NO;
				CURRENT_PROJECT_VERSION = 1;
				DEAD_CODE_STRIPPING = YES;
				DEBUG_INFORMATION_FORMAT = "dwarf-with-dsym";
				ENABLE_NS_ASSERTIONS = NO;
				ENABLE_STRICT_OBJC_MSGSEND = YES;
				GCC_C_LANGUAGE_STANDARD = gnu11;
				GCC_NO_COMMON_BLOCKS = YES;
				GCC_OPTIMIZATION_LEVEL = z;
				GCC_WARN_64_TO_32_BIT_CONVERSION = YES;
				GCC_WARN_ABOUT_RETURN_TYPE = YES_ERROR;
				GCC_WARN_UNDECLARED_SELECTOR = YES;
				GCC_WARN_UNINITIALIZED_AUTOS = YES_AGGRESSIVE;
				GCC_WARN_UNUSED_FUNCTION = YES;
				GCC_WARN_UNUSED_VARIABLE = YES;
				MACOSX_DEPLOYMENT_TARGET = 12.5;
				MTL_ENABLE_DEBUG_INFO = NO;
				MTL_FAST_MATH = YES;
				SWIFT_COMPILATION_MODE = wholemodule;
				SWIFT_OPTIMIZATION_LEVEL = "-O";
				VERSIONING_SYSTEM = "apple-generic";
				VERSION_INFO_PREFIX = "";
			};
			name = Release;
		};
		873C403528E84A2500962482 /* Debug */ = {
			isa = XCBuildConfiguration;
			buildSettings = {
				ALLOW_TARGET_PLATFORM_SPECIALIZATION = YES;
				CLANG_ALLOW_NON_MODULAR_INCLUDES_IN_FRAMEWORK_MODULES = YES;
				CODE_SIGN_IDENTITY = "";
				"CODE_SIGN_IDENTITY[sdk=macosx*]" = "Apple Development";
				CODE_SIGN_STYLE = Automatic;
				CURRENT_PROJECT_VERSION = 1;
				DEAD_CODE_STRIPPING = YES;
				DEFINES_MODULE = YES;
				DEVELOPMENT_TEAM = PEZAT5DWHN;
				DYLIB_COMPATIBILITY_VERSION = 1;
				DYLIB_CURRENT_VERSION = 1;
				DYLIB_INSTALL_NAME_BASE = "@rpath";
				ENABLE_MODULE_VERIFIER = YES;
				GENERATE_INFOPLIST_FILE = YES;
				INFOPLIST_KEY_NSHumanReadableCopyright = "";
				INSTALL_PATH = "$(LOCAL_LIBRARY_DIR)/Frameworks";
				IPHONEOS_DEPLOYMENT_TARGET = 16.0;
				LD_RUNPATH_SEARCH_PATHS = (
					"@executable_path/Frameworks",
					"@loader_path/Frameworks",
				);
				"LD_RUNPATH_SEARCH_PATHS[sdk=macosx*]" = (
					"@executable_path/../Frameworks",
					"@loader_path/Frameworks",
				);
				MACOSX_DEPLOYMENT_TARGET = 12.3;
				MARKETING_VERSION = 1.0;
				MODULE_VERIFIER_SUPPORTED_LANGUAGES = "objective-c objective-c++";
				MODULE_VERIFIER_SUPPORTED_LANGUAGE_STANDARDS = "gnu11 gnu++20";
				PRODUCT_BUNDLE_IDENTIFIER = de.eniestudio.VinylView;
				PRODUCT_NAME = "$(TARGET_NAME:c99extidentifier)";
				SDKROOT = auto;
				SKIP_INSTALL = YES;
				SUPPORTED_PLATFORMS = "iphoneos iphonesimulator macosx";
				SWIFT_EMIT_LOC_STRINGS = YES;
				SWIFT_VERSION = 5.0;
				TARGETED_DEVICE_FAMILY = "1,2";
			};
			name = Debug;
		};
		873C403628E84A2500962482 /* Release */ = {
			isa = XCBuildConfiguration;
			buildSettings = {
				ALLOW_TARGET_PLATFORM_SPECIALIZATION = YES;
				CLANG_ALLOW_NON_MODULAR_INCLUDES_IN_FRAMEWORK_MODULES = YES;
				CODE_SIGN_IDENTITY = "";
				"CODE_SIGN_IDENTITY[sdk=macosx*]" = "Apple Development";
				CODE_SIGN_STYLE = Automatic;
				CURRENT_PROJECT_VERSION = 1;
				DEAD_CODE_STRIPPING = YES;
				DEFINES_MODULE = YES;
				DEVELOPMENT_TEAM = PEZAT5DWHN;
				DYLIB_COMPATIBILITY_VERSION = 1;
				DYLIB_CURRENT_VERSION = 1;
				DYLIB_INSTALL_NAME_BASE = "@rpath";
				ENABLE_MODULE_VERIFIER = YES;
				GENERATE_INFOPLIST_FILE = YES;
				INFOPLIST_KEY_NSHumanReadableCopyright = "";
				INSTALL_PATH = "$(LOCAL_LIBRARY_DIR)/Frameworks";
				IPHONEOS_DEPLOYMENT_TARGET = 16.0;
				LD_RUNPATH_SEARCH_PATHS = (
					"@executable_path/Frameworks",
					"@loader_path/Frameworks",
				);
				"LD_RUNPATH_SEARCH_PATHS[sdk=macosx*]" = (
					"@executable_path/../Frameworks",
					"@loader_path/Frameworks",
				);
				MACOSX_DEPLOYMENT_TARGET = 12.3;
				MARKETING_VERSION = 1.0;
				MODULE_VERIFIER_SUPPORTED_LANGUAGES = "objective-c objective-c++";
				MODULE_VERIFIER_SUPPORTED_LANGUAGE_STANDARDS = "gnu11 gnu++20";
				PRODUCT_BUNDLE_IDENTIFIER = de.eniestudio.VinylView;
				PRODUCT_NAME = "$(TARGET_NAME:c99extidentifier)";
				SDKROOT = auto;
				SKIP_INSTALL = YES;
				SUPPORTED_PLATFORMS = "iphoneos iphonesimulator macosx";
				SWIFT_EMIT_LOC_STRINGS = YES;
				SWIFT_VERSION = 5.0;
				TARGETED_DEVICE_FAMILY = "1,2";
			};
			name = Release;
		};
		873C403828E84A2500962482 /* Debug */ = {
			isa = XCBuildConfiguration;
			buildSettings = {
				ALWAYS_EMBED_SWIFT_STANDARD_LIBRARIES = YES;
				CODE_SIGN_STYLE = Automatic;
				CURRENT_PROJECT_VERSION = 1;
				DEAD_CODE_STRIPPING = YES;
				DEVELOPMENT_TEAM = PEZAT5DWHN;
				GENERATE_INFOPLIST_FILE = YES;
				IPHONEOS_DEPLOYMENT_TARGET = 16.0;
				MACOSX_DEPLOYMENT_TARGET = 12.3;
				MARKETING_VERSION = 1.0;
				PRODUCT_BUNDLE_IDENTIFIER = de.eniestudio.VinylViewTests;
				PRODUCT_NAME = "$(TARGET_NAME)";
				SDKROOT = auto;
				SUPPORTED_PLATFORMS = "iphoneos iphonesimulator macosx";
				SWIFT_EMIT_LOC_STRINGS = NO;
				SWIFT_VERSION = 5.0;
				TARGETED_DEVICE_FAMILY = "1,2";
			};
			name = Debug;
		};
		873C403928E84A2500962482 /* Release */ = {
			isa = XCBuildConfiguration;
			buildSettings = {
				ALWAYS_EMBED_SWIFT_STANDARD_LIBRARIES = YES;
				CODE_SIGN_STYLE = Automatic;
				CURRENT_PROJECT_VERSION = 1;
				DEAD_CODE_STRIPPING = YES;
				DEVELOPMENT_TEAM = PEZAT5DWHN;
				GENERATE_INFOPLIST_FILE = YES;
				IPHONEOS_DEPLOYMENT_TARGET = 16.0;
				MACOSX_DEPLOYMENT_TARGET = 12.3;
				MARKETING_VERSION = 1.0;
				PRODUCT_BUNDLE_IDENTIFIER = de.eniestudio.VinylViewTests;
				PRODUCT_NAME = "$(TARGET_NAME)";
				SDKROOT = auto;
				SUPPORTED_PLATFORMS = "iphoneos iphonesimulator macosx";
				SWIFT_EMIT_LOC_STRINGS = NO;
				SWIFT_VERSION = 5.0;
				TARGETED_DEVICE_FAMILY = "1,2";
			};
			name = Release;
		};
		87CF9FB829E68BB400DCD642 /* Debug */ = {
			isa = XCBuildConfiguration;
			buildSettings = {
				ASSETCATALOG_COMPILER_APPICON_NAME = AppIcon;
				ASSETCATALOG_COMPILER_GLOBAL_ACCENT_COLOR_NAME = AccentColor;
				CLANG_ENABLE_MODULES = YES;
				CODE_SIGN_ENTITLEMENTS = VinylViewDemo/VinylViewDemo.entitlements;
				CODE_SIGN_STYLE = Automatic;
				CURRENT_PROJECT_VERSION = 1;
				DEAD_CODE_STRIPPING = YES;
				DEVELOPMENT_ASSET_PATHS = "\"VinylViewDemo/Preview Content\"";
				DEVELOPMENT_TEAM = PEZAT5DWHN;
				ENABLE_HARDENED_RUNTIME = YES;
				ENABLE_PREVIEWS = YES;
				GENERATE_INFOPLIST_FILE = YES;
				"INFOPLIST_KEY_UIApplicationSceneManifest_Generation[sdk=iphoneos*]" = YES;
				"INFOPLIST_KEY_UIApplicationSceneManifest_Generation[sdk=iphonesimulator*]" = YES;
				"INFOPLIST_KEY_UIApplicationSupportsIndirectInputEvents[sdk=iphoneos*]" = YES;
				"INFOPLIST_KEY_UIApplicationSupportsIndirectInputEvents[sdk=iphonesimulator*]" = YES;
				"INFOPLIST_KEY_UILaunchScreen_Generation[sdk=iphoneos*]" = YES;
				"INFOPLIST_KEY_UILaunchScreen_Generation[sdk=iphonesimulator*]" = YES;
				"INFOPLIST_KEY_UIStatusBarStyle[sdk=iphoneos*]" = UIStatusBarStyleDefault;
				"INFOPLIST_KEY_UIStatusBarStyle[sdk=iphonesimulator*]" = UIStatusBarStyleDefault;
				INFOPLIST_KEY_UISupportedInterfaceOrientations_iPad = "UIInterfaceOrientationPortrait UIInterfaceOrientationPortraitUpsideDown UIInterfaceOrientationLandscapeLeft UIInterfaceOrientationLandscapeRight";
				INFOPLIST_KEY_UISupportedInterfaceOrientations_iPhone = "UIInterfaceOrientationPortrait UIInterfaceOrientationLandscapeLeft UIInterfaceOrientationLandscapeRight";
				IPHONEOS_DEPLOYMENT_TARGET = 16.4;
				LD_RUNPATH_SEARCH_PATHS = "@executable_path/Frameworks";
				"LD_RUNPATH_SEARCH_PATHS[sdk=macosx*]" = "@executable_path/../Frameworks";
				MACOSX_DEPLOYMENT_TARGET = 13.2;
				MARKETING_VERSION = 1.0;
				PRODUCT_BUNDLE_IDENTIFIER = de.eniestudio.VinylViewDemo;
				PRODUCT_NAME = "$(TARGET_NAME)";
				SDKROOT = auto;
				SUPPORTED_PLATFORMS = "iphoneos iphonesimulator macosx";
				SWIFT_EMIT_LOC_STRINGS = YES;
				SWIFT_OBJC_BRIDGING_HEADER = "VinylViewDemo/VinylViewDemo-Bridging-Header.h";
				SWIFT_OPTIMIZATION_LEVEL = "-Onone";
				SWIFT_VERSION = 5.0;
				TARGETED_DEVICE_FAMILY = "1,2";
			};
			name = Debug;
		};
		87CF9FB929E68BB400DCD642 /* Release */ = {
			isa = XCBuildConfiguration;
			buildSettings = {
				ASSETCATALOG_COMPILER_APPICON_NAME = AppIcon;
				ASSETCATALOG_COMPILER_GLOBAL_ACCENT_COLOR_NAME = AccentColor;
				CLANG_ENABLE_MODULES = YES;
				CODE_SIGN_ENTITLEMENTS = VinylViewDemo/VinylViewDemo.entitlements;
				CODE_SIGN_STYLE = Automatic;
				CURRENT_PROJECT_VERSION = 1;
				DEAD_CODE_STRIPPING = YES;
				DEVELOPMENT_ASSET_PATHS = "\"VinylViewDemo/Preview Content\"";
				DEVELOPMENT_TEAM = PEZAT5DWHN;
				ENABLE_HARDENED_RUNTIME = YES;
				ENABLE_PREVIEWS = YES;
				GENERATE_INFOPLIST_FILE = YES;
				"INFOPLIST_KEY_UIApplicationSceneManifest_Generation[sdk=iphoneos*]" = YES;
				"INFOPLIST_KEY_UIApplicationSceneManifest_Generation[sdk=iphonesimulator*]" = YES;
				"INFOPLIST_KEY_UIApplicationSupportsIndirectInputEvents[sdk=iphoneos*]" = YES;
				"INFOPLIST_KEY_UIApplicationSupportsIndirectInputEvents[sdk=iphonesimulator*]" = YES;
				"INFOPLIST_KEY_UILaunchScreen_Generation[sdk=iphoneos*]" = YES;
				"INFOPLIST_KEY_UILaunchScreen_Generation[sdk=iphonesimulator*]" = YES;
				"INFOPLIST_KEY_UIStatusBarStyle[sdk=iphoneos*]" = UIStatusBarStyleDefault;
				"INFOPLIST_KEY_UIStatusBarStyle[sdk=iphonesimulator*]" = UIStatusBarStyleDefault;
				INFOPLIST_KEY_UISupportedInterfaceOrientations_iPad = "UIInterfaceOrientationPortrait UIInterfaceOrientationPortraitUpsideDown UIInterfaceOrientationLandscapeLeft UIInterfaceOrientationLandscapeRight";
				INFOPLIST_KEY_UISupportedInterfaceOrientations_iPhone = "UIInterfaceOrientationPortrait UIInterfaceOrientationLandscapeLeft UIInterfaceOrientationLandscapeRight";
				IPHONEOS_DEPLOYMENT_TARGET = 16.4;
				LD_RUNPATH_SEARCH_PATHS = "@executable_path/Frameworks";
				"LD_RUNPATH_SEARCH_PATHS[sdk=macosx*]" = "@executable_path/../Frameworks";
				MACOSX_DEPLOYMENT_TARGET = 13.2;
				MARKETING_VERSION = 1.0;
				PRODUCT_BUNDLE_IDENTIFIER = de.eniestudio.VinylViewDemo;
				PRODUCT_NAME = "$(TARGET_NAME)";
				SDKROOT = auto;
				SUPPORTED_PLATFORMS = "iphoneos iphonesimulator macosx";
				SWIFT_EMIT_LOC_STRINGS = YES;
				SWIFT_OBJC_BRIDGING_HEADER = "VinylViewDemo/VinylViewDemo-Bridging-Header.h";
				SWIFT_VERSION = 5.0;
				TARGETED_DEVICE_FAMILY = "1,2";
			};
			name = Release;
		};
/* End XCBuildConfiguration section */

/* Begin XCConfigurationList section */
		873C401A28E84A2500962482 /* Build configuration list for PBXProject "VinylView" */ = {
			isa = XCConfigurationList;
			buildConfigurations = (
				873C403228E84A2500962482 /* Debug */,
				873C403328E84A2500962482 /* Release */,
			);
			defaultConfigurationIsVisible = 0;
			defaultConfigurationName = Release;
		};
		873C403428E84A2500962482 /* Build configuration list for PBXNativeTarget "VinylView" */ = {
			isa = XCConfigurationList;
			buildConfigurations = (
				873C403528E84A2500962482 /* Debug */,
				873C403628E84A2500962482 /* Release */,
			);
			defaultConfigurationIsVisible = 0;
			defaultConfigurationName = Release;
		};
		873C403728E84A2500962482 /* Build configuration list for PBXNativeTarget "VinylViewTests" */ = {
			isa = XCConfigurationList;
			buildConfigurations = (
				873C403828E84A2500962482 /* Debug */,
				873C403928E84A2500962482 /* Release */,
			);
			defaultConfigurationIsVisible = 0;
			defaultConfigurationName = Release;
		};
		87CF9FB729E68BB400DCD642 /* Build configuration list for PBXNativeTarget "VinylViewDemo" */ = {
			isa = XCConfigurationList;
			buildConfigurations = (
				87CF9FB829E68BB400DCD642 /* Debug */,
				87CF9FB929E68BB400DCD642 /* Release */,
			);
			defaultConfigurationIsVisible = 0;
			defaultConfigurationName = Release;
		};
/* End XCConfigurationList section */
	};
	rootObject = 873C401728E84A2500962482 /* Project object */;
}
